
Microsoft Visual Studio Solution File, Format Version 12.00
# Visual Studio Version 17
VisualStudioVersion = 17.1.32228.430
MinimumVisualStudioVersion = 10.0.40219.1
Project("{9A19103F-16F7-4668-BE54-9A1E7A4F7556}") = "learn_part1", "learn_part1\learn_part1.csproj", "{E5CA17BC-A4BF-46A5-ABC4-58A9E6389972}"
EndProject
Project("{2150E333-8FDC-42A3-9474-1A3956D46DE8}") = "Solution Items", "Solution Items", "{B54473C9-8B7C-4402-B18C-93522DD5338E}"
EndProject
Global
	GlobalSection(SolutionConfigurationPlatforms) = preSolution
		Debug|Any CPU = Debug|Any CPU
		Release|Any CPU = Release|Any CPU
	EndGlobalSection
	GlobalSection(ProjectConfigurationPlatforms) = postSolution
		{E5CA17BC-A4BF-46A5-ABC4-58A9E6389972}.Debug|Any CPU.ActiveCfg = Debug|Any CPU
		{E5CA17BC-A4BF-46A5-ABC4-58A9E6389972}.Debug|Any CPU.Build.0 = Debug|Any CPU
		{E5CA17BC-A4BF-46A5-ABC4-58A9E6389972}.Release|Any CPU.ActiveCfg = Release|Any CPU
		{E5CA17BC-A4BF-46A5-ABC4-58A9E6389972}.Release|Any CPU.Build.0 = Release|Any CPU
	EndGlobalSection
	GlobalSection(SolutionProperties) = preSolution
		HideSolutionNode = FALSE
	EndGlobalSection
	GlobalSection(ExtensibilityGlobals) = postSolution
		SolutionGuid = {8EDDC93A-CAA6-4D89-BCAC-446E1F8899E3}
	EndGlobalSection
EndGlobal
